
Microsoft Visual Studio Solution File, Format Version 12.00
# Visual Studio 14
VisualStudioVersion = 14.0.25420.1
MinimumVisualStudioVersion = 10.0.40219.1
Project("{FAE04EC0-301F-11D3-BF4B-00C04F79EFBC}") = "MessengerServiceLibrary", "MessangerServiceLibrary\MessengerServiceLibrary.csproj", "{845A3ACF-41C0-4724-9382-8E57F7044ACD}"
EndProject
Project("{FAE04EC0-301F-11D3-BF4B-00C04F79EFBC}") = "MessengerServer", "MessengerServer\MessengerServer.csproj", "{CC517979-C850-4550-834E-F40CD0FDD4BC}"
EndProject
Project("{FAE04EC0-301F-11D3-BF4B-00C04F79EFBC}") = "MessengerServiceConsoleClient", "MessengerServiceConsoleClient\MessengerServiceConsoleClient.csproj", "{32C99FB4-9232-4E94-8DDB-B6D0F882A7AF}"
	ProjectSection(ProjectDependencies) = postProject
		{845A3ACF-41C0-4724-9382-8E57F7044ACD} = {845A3ACF-41C0-4724-9382-8E57F7044ACD}
	EndProjectSection
EndProject
Project("{FAE04EC0-301F-11D3-BF4B-00C04F79EFBC}") = "MessengerGClient", "MessengerGClient\MessengerGClient.csproj", "{B881E4B9-6608-4F43-AE6A-09AC36285365}"
EndProject
Global
	GlobalSection(SolutionConfigurationPlatforms) = preSolution
		Debug|Any CPU = Debug|Any CPU
		Release|Any CPU = Release|Any CPU
	EndGlobalSection
	GlobalSection(ProjectConfigurationPlatforms) = postSolution
		{845A3ACF-41C0-4724-9382-8E57F7044ACD}.Debug|Any CPU.ActiveCfg = Debug|Any CPU
		{845A3ACF-41C0-4724-9382-8E57F7044ACD}.Debug|Any CPU.Build.0 = Debug|Any CPU
		{845A3ACF-41C0-4724-9382-8E57F7044ACD}.Release|Any CPU.ActiveCfg = Release|Any CPU
		{845A3ACF-41C0-4724-9382-8E57F7044ACD}.Release|Any CPU.Build.0 = Release|Any CPU
		{CC517979-C850-4550-834E-F40CD0FDD4BC}.Debug|Any CPU.ActiveCfg = Debug|Any CPU
		{CC517979-C850-4550-834E-F40CD0FDD4BC}.Debug|Any CPU.Build.0 = Debug|Any CPU
		{CC517979-C850-4550-834E-F40CD0FDD4BC}.Release|Any CPU.ActiveCfg = Release|Any CPU
		{CC517979-C850-4550-834E-F40CD0FDD4BC}.Release|Any CPU.Build.0 = Release|Any CPU
		{32C99FB4-9232-4E94-8DDB-B6D0F882A7AF}.Debug|Any CPU.ActiveCfg = Debug|Any CPU
		{32C99FB4-9232-4E94-8DDB-B6D0F882A7AF}.Debug|Any CPU.Build.0 = Debug|Any CPU
		{32C99FB4-9232-4E94-8DDB-B6D0F882A7AF}.Release|Any CPU.ActiveCfg = Release|Any CPU
		{32C99FB4-9232-4E94-8DDB-B6D0F882A7AF}.Release|Any CPU.Build.0 = Release|Any CPU
		{B881E4B9-6608-4F43-AE6A-09AC36285365}.Debug|Any CPU.ActiveCfg = Debug|Any CPU
		{B881E4B9-6608-4F43-AE6A-09AC36285365}.Debug|Any CPU.Build.0 = Debug|Any CPU
		{B881E4B9-6608-4F43-AE6A-09AC36285365}.Release|Any CPU.ActiveCfg = Release|Any CPU
		{B881E4B9-6608-4F43-AE6A-09AC36285365}.Release|Any CPU.Build.0 = Release|Any CPU
	EndGlobalSection
	GlobalSection(SolutionProperties) = preSolution
		HideSolutionNode = FALSE
	EndGlobalSection
EndGlobal
